PODS:
  - Alamofire (3.4.1)
  - Charts (2.2.5):
    - Charts/Core (= 2.2.5)
  - Charts/Core (2.2.5)
  - Firebase/AdMob (3.3.0):
    - Firebase/Analytics (= 3.3.0)
    - Google-Mobile-Ads-SDK (= 7.8.1)
  - Firebase/Analytics (3.3.0):
    - FirebaseAnalytics (= 3.2.1)
  - Firebase/Core (3.3.0):
    - Firebase/Analytics (= 3.3.0)
  - FirebaseAnalytics (3.2.1):
    - FirebaseInstanceID (~> 1.0)
    - GoogleInterchangeUtilities (~> 1.2)
    - GoogleSymbolUtilities (~> 1.1)
    - GoogleUtilities (~> 1.3)
  - FirebaseInstanceID (1.0.7)
  - Google-Mobile-Ads-SDK (7.8.1)
  - GoogleInterchangeUtilities (1.2.1):
    - GoogleSymbolUtilities (~> 1.0)
  - GoogleSymbolUtilities (1.1.1)
  - GoogleUtilities (1.3.1):
    - GoogleSymbolUtilities (~> 1.0)
  - ObjectMapper (1.3.0)
  - SDWebImage (3.8.1):
    - SDWebImage/Core (= 3.8.1)
  - SDWebImage/Core (3.8.1)
  - SWXMLHash (2.4.0)

DEPENDENCIES:
  - Alamofire (~> 3.0)
  - Charts
  - Firebase/AdMob
  - Firebase/Core
  - ObjectMapper (~> 1.1)
  - SDWebImage
  - SWXMLHash (~> 2.4.0)

SPEC CHECKSUMS:
  Alamofire: 01a82e2f6c0f860ade35534c8dd88be61bdef40c
  Charts: b48fcc8d7190de910ff9e9748f5360c8ea7856e5
  Firebase: 6250071f0e2440a5c4c67b8cb6b868f868237ac3
  FirebaseAnalytics: 0fd6532cb2c3d03cd5cf26ad295ccb091efd3104
  FirebaseInstanceID: a9d923f3d0b6fbf9fac89310860357aaadc34be5
  Google-Mobile-Ads-SDK: 3c2a6656117989469bfe7645640aa1de024a4c6c
  GoogleInterchangeUtilities: def8415a862effc67d549d5b5b0b9c7a2f97d4de
  GoogleSymbolUtilities: 33117db1b5f290c6fbf259585e4885b4c84b98d7
  GoogleUtilities: 56c5ac05b7aa5dc417a1bb85221a9516e04d7032
  ObjectMapper: 4eb08a726e9791a93b2632049951b56a7c17e471
  SDWebImage: 35f9627a3e44b4f292a8a8ce6a531fa488239b91
  SWXMLHash: 507397103325f140863d09040c04ae14a49a16cb

PODFILE CHECKSUM: 933125de1439c508a4014fbbf4455217ddfde551

COCOAPODS: 1.0.1
