// !$*UTF8*$!
{
	archiveVersion = 1;
	classes = {
	};
	objectVersion = 46;
	objects = {

/* Begin PBXBuildFile section */
		BE757B431D3F3678002B64ED /* Position.swift in Sources */ = {isa = PBXBuildFile; fileRef = BE757B421D3F3678002B64ED /* Position.swift */; };
		BE757B461D3FDEE6002B64ED /* PositionTableViewCell.swift in Sources */ = {isa = PBXBuildFile; fileRef = BE757B441D3FDEE6002B64ED /* PositionTableViewCell.swift */; };
		BE757B471D3FDEE6002B64ED /* PositionTableViewCell.xib in Resources */ = {isa = PBXBuildFile; fileRef = BE757B451D3FDEE6002B64ED /* PositionTableViewCell.xib */; };
		BE757B491D3FF15E002B64ED /* PositionSectionHeaderView.swift in Sources */ = {isa = PBXBuildFile; fileRef = BE757B481D3FF15E002B64ED /* PositionSectionHeaderView.swift */; };
		BE757B4B1D3FF169002B64ED /* PositionSectionHeaderView.xib in Resources */ = {isa = PBXBuildFile; fileRef = BE757B4A1D3FF169002B64ED /* PositionSectionHeaderView.xib */; };
		BE757B4D1D3FFE88002B64ED /* iAd.framework in Frameworks */ = {isa = PBXBuildFile; fileRef = BE757B4C1D3FFE88002B64ED /* iAd.framework */; };
		BE8C396D1D3F023A00008829 /* AppDelegate.swift in Sources */ = {isa = PBXBuildFile; fileRef = BE8C396C1D3F023A00008829 /* AppDelegate.swift */; };
		BE8C39721D3F023A00008829 /* Main.storyboard in Resources */ = {isa = PBXBuildFile; fileRef = BE8C39701D3F023A00008829 /* Main.storyboard */; };
		BE8C39741D3F023A00008829 /* Assets.xcassets in Resources */ = {isa = PBXBuildFile; fileRef = BE8C39731D3F023A00008829 /* Assets.xcassets */; };
		BE8C39771D3F023A00008829 /* LaunchScreen.storyboard in Resources */ = {isa = PBXBuildFile; fileRef = BE8C39751D3F023A00008829 /* LaunchScreen.storyboard */; };
		BE8C39C31D3F03C700008829 /* UIButton+.swift in Sources */ = {isa = PBXBuildFile; fileRef = BE8C39BE1D3F03C700008829 /* UIButton+.swift */; };
		BE8C39C41D3F03C700008829 /* UIImage+.swift in Sources */ = {isa = PBXBuildFile; fileRef = BE8C39BF1D3F03C700008829 /* UIImage+.swift */; };
		BE8C39C51D3F03C700008829 /* UIView+.swift in Sources */ = {isa = PBXBuildFile; fileRef = BE8C39C01D3F03C700008829 /* UIView+.swift */; };
		BE8C39C61D3F03C700008829 /* UIViewController+.swift in Sources */ = {isa = PBXBuildFile; fileRef = BE8C39C11D3F03C700008829 /* UIViewController+.swift */; };
		BE8C39C71D3F03C700008829 /* ViewController.swift in Sources */ = {isa = PBXBuildFile; fileRef = BE8C39C21D3F03C700008829 /* ViewController.swift */; };
		BE8C39D51D3F042900008829 /* BaseViewController.swift in Sources */ = {isa = PBXBuildFile; fileRef = BE8C39C91D3F042900008829 /* BaseViewController.swift */; };
		BE8C39D61D3F042900008829 /* BaseViewController.xib in Resources */ = {isa = PBXBuildFile; fileRef = BE8C39CA1D3F042900008829 /* BaseViewController.xib */; };
		BE8C39D91D3F042900008829 /* FilterViewController.swift in Sources */ = {isa = PBXBuildFile; fileRef = BE8C39CD1D3F042900008829 /* FilterViewController.swift */; };
		BE8C39DA1D3F042900008829 /* FilterViewController.xib in Resources */ = {isa = PBXBuildFile; fileRef = BE8C39CE1D3F042900008829 /* FilterViewController.xib */; };
		BE8C39DB1D3F042900008829 /* HomeViewController.swift in Sources */ = {isa = PBXBuildFile; fileRef = BE8C39CF1D3F042900008829 /* HomeViewController.swift */; };
		BE8C39DC1D3F042900008829 /* HomeViewController.xib in Resources */ = {isa = PBXBuildFile; fileRef = BE8C39D01D3F042900008829 /* HomeViewController.xib */; };
		BE8C39DD1D3F042900008829 /* InitialViewController.swift in Sources */ = {isa = PBXBuildFile; fileRef = BE8C39D11D3F042900008829 /* InitialViewController.swift */; };
		BE8C39DE1D3F042900008829 /* InitialViewController.xib in Resources */ = {isa = PBXBuildFile; fileRef = BE8C39D21D3F042900008829 /* InitialViewController.xib */; };
		BE8C39F51D3F043700008829 /* ProfileHeaderView.swift in Sources */ = {isa = PBXBuildFile; fileRef = BE8C39EB1D3F043700008829 /* ProfileHeaderView.swift */; };
		BE8C39F61D3F043700008829 /* ProfileHeaderView.xib in Resources */ = {isa = PBXBuildFile; fileRef = BE8C39EC1D3F043700008829 /* ProfileHeaderView.xib */; };
		BE8C39F81D3F044200008829 /* Styles.swift in Sources */ = {isa = PBXBuildFile; fileRef = BE8C39F71D3F044200008829 /* Styles.swift */; };
		BE8C39FA1D3F045500008829 /* MainTabBarController.swift in Sources */ = {isa = PBXBuildFile; fileRef = BE8C39F91D3F045500008829 /* MainTabBarController.swift */; };
		BE8C39FD1D3F047E00008829 /* PositionsViewController.swift in Sources */ = {isa = PBXBuildFile; fileRef = BE8C39FB1D3F047E00008829 /* PositionsViewController.swift */; };
		BE8C39FE1D3F047E00008829 /* PositionsViewController.xib in Resources */ = {isa = PBXBuildFile; fileRef = BE8C39FC1D3F047E00008829 /* PositionsViewController.xib */; };
		BE8C3A011D3F04C200008829 /* HistoryViewController.swift in Sources */ = {isa = PBXBuildFile; fileRef = BE8C39FF1D3F04C200008829 /* HistoryViewController.swift */; };
		BE8C3A021D3F04C200008829 /* HistoryViewController.xib in Resources */ = {isa = PBXBuildFile; fileRef = BE8C3A001D3F04C200008829 /* HistoryViewController.xib */; };
		BEB644771D401ED400B0315D /* ExperimentManager.swift in Sources */ = {isa = PBXBuildFile; fileRef = BEB644761D401ED400B0315D /* ExperimentManager.swift */; };
		BEB6447A1D4021FC00B0315D /* HistoryTableViewCell.swift in Sources */ = {isa = PBXBuildFile; fileRef = BEB644781D4021FC00B0315D /* HistoryTableViewCell.swift */; };
		BEB6447B1D4021FC00B0315D /* HistoryTableViewCell.xib in Resources */ = {isa = PBXBuildFile; fileRef = BEB644791D4021FC00B0315D /* HistoryTableViewCell.xib */; };
		BEB6447D1D40223B00B0315D /* Trade.swift in Sources */ = {isa = PBXBuildFile; fileRef = BEB6447C1D40223B00B0315D /* Trade.swift */; };
		BEF927DB1D401258009AC0AF /* GoogleService-Info.plist in Resources */ = {isa = PBXBuildFile; fileRef = BEF927DA1D401258009AC0AF /* GoogleService-Info.plist */; };
		D0F7E05B52C8F46AA008EA9F /* Pods_ForexMaster.framework in Frameworks */ = {isa = PBXBuildFile; fileRef = A2255CAD087EBBB0DD974E50 /* Pods_ForexMaster.framework */; };
/* End PBXBuildFile section */

/* Begin PBXFileReference section */
		5887E52CFDBB8CE7F524FE70 /* Pods-ForexMaster.debug.xcconfig */ = {isa = PBXFileReference; includeInIndex = 1; lastKnownFileType = text.xcconfig; name = "Pods-ForexMaster.debug.xcconfig"; path = "Pods/Target Support Files/Pods-ForexMaster/Pods-ForexMaster.debug.xcconfig"; sourceTree = "<group>"; };
		A2255CAD087EBBB0DD974E50 /* Pods_ForexMaster.framework */ = {isa = PBXFileReference; explicitFileType = wrapper.framework; includeInIndex = 0; path = Pods_ForexMaster.framework; sourceTree = BUILT_PRODUCTS_DIR; };
		BE757B421D3F3678002B64ED /* Position.swift */ = {isa = PBXFileReference; fileEncoding = 4; lastKnownFileType = sourcecode.swift; path = Position.swift; sourceTree = "<group>"; };
		BE757B441D3FDEE6002B64ED /* PositionTableViewCell.swift */ = {isa = PBXFileReference; fileEncoding = 4; lastKnownFileType = sourcecode.swift; path = PositionTableViewCell.swift; sourceTree = "<group>"; };
		BE757B451D3FDEE6002B64ED /* PositionTableViewCell.xib */ = {isa = PBXFileReference; fileEncoding = 4; lastKnownFileType = file.xib; path = PositionTableViewCell.xib; sourceTree = "<group>"; };
		BE757B481D3FF15E002B64ED /* PositionSectionHeaderView.swift */ = {isa = PBXFileReference; fileEncoding = 4; lastKnownFileType = sourcecode.swift; path = PositionSectionHeaderView.swift; sourceTree = "<group>"; };
		BE757B4A1D3FF169002B64ED /* PositionSectionHeaderView.xib */ = {isa = PBXFileReference; fileEncoding = 4; lastKnownFileType = file.xib; path = PositionSectionHeaderView.xib; sourceTree = "<group>"; };
		BE757B4C1D3FFE88002B64ED /* iAd.framework */ = {isa = PBXFileReference; lastKnownFileType = wrapper.framework; name = iAd.framework; path = System/Library/Frameworks/iAd.framework; sourceTree = SDKROOT; };
		BE8C39691D3F023A00008829 /* ForexMaster.app */ = {isa = PBXFileReference; explicitFileType = wrapper.application; includeInIndex = 0; path = ForexMaster.app; sourceTree = BUILT_PRODUCTS_DIR; };
		BE8C396C1D3F023A00008829 /* AppDelegate.swift */ = {isa = PBXFileReference; lastKnownFileType = sourcecode.swift; path = AppDelegate.swift; sourceTree = "<group>"; };
		BE8C39711D3F023A00008829 /* Base */ = {isa = PBXFileReference; lastKnownFileType = file.storyboard; name = Base; path = Base.lproj/Main.storyboard; sourceTree = "<group>"; };
		BE8C39731D3F023A00008829 /* Assets.xcassets */ = {isa = PBXFileReference; lastKnownFileType = folder.assetcatalog; path = Assets.xcassets; sourceTree = "<group>"; };
		BE8C39761D3F023A00008829 /* Base */ = {isa = PBXFileReference; lastKnownFileType = file.storyboard; name = Base; path = Base.lproj/LaunchScreen.storyboard; sourceTree = "<group>"; };
		BE8C39781D3F023B00008829 /* Info.plist */ = {isa = PBXFileReference; lastKnownFileType = text.plist.xml; path = Info.plist; sourceTree = "<group>"; };
		BE8C39BE1D3F03C700008829 /* UIButton+.swift */ = {isa = PBXFileReference; fileEncoding = 4; lastKnownFileType = sourcecode.swift; path = "UIButton+.swift"; sourceTree = "<group>"; };
		BE8C39BF1D3F03C700008829 /* UIImage+.swift */ = {isa = PBXFileReference; fileEncoding = 4; lastKnownFileType = sourcecode.swift; path = "UIImage+.swift"; sourceTree = "<group>"; };
		BE8C39C01D3F03C700008829 /* UIView+.swift */ = {isa = PBXFileReference; fileEncoding = 4; lastKnownFileType = sourcecode.swift; path = "UIView+.swift"; sourceTree = "<group>"; };
		BE8C39C11D3F03C700008829 /* UIViewController+.swift */ = {isa = PBXFileReference; fileEncoding = 4; lastKnownFileType = sourcecode.swift; path = "UIViewController+.swift"; sourceTree = "<group>"; };
		BE8C39C21D3F03C700008829 /* ViewController.swift */ = {isa = PBXFileReference; fileEncoding = 4; lastKnownFileType = sourcecode.swift; path = ViewController.swift; sourceTree = "<group>"; };
		BE8C39C91D3F042900008829 /* BaseViewController.swift */ = {isa = PBXFileReference; fileEncoding = 4; lastKnownFileType = sourcecode.swift; path = BaseViewController.swift; sourceTree = "<group>"; };
		BE8C39CA1D3F042900008829 /* BaseViewController.xib */ = {isa = PBXFileReference; fileEncoding = 4; lastKnownFileType = file.xib; path = BaseViewController.xib; sourceTree = "<group>"; };
		BE8C39CD1D3F042900008829 /* FilterViewController.swift */ = {isa = PBXFileReference; fileEncoding = 4; lastKnownFileType = sourcecode.swift; path = FilterViewController.swift; sourceTree = "<group>"; };
		BE8C39CE1D3F042900008829 /* FilterViewController.xib */ = {isa = PBXFileReference; fileEncoding = 4; lastKnownFileType = file.xib; path = FilterViewController.xib; sourceTree = "<group>"; };
		BE8C39CF1D3F042900008829 /* HomeViewController.swift */ = {isa = PBXFileReference; fileEncoding = 4; lastKnownFileType = sourcecode.swift; path = HomeViewController.swift; sourceTree = "<group>"; };
		BE8C39D01D3F042900008829 /* HomeViewController.xib */ = {isa = PBXFileReference; fileEncoding = 4; lastKnownFileType = file.xib; path = HomeViewController.xib; sourceTree = "<group>"; };
		BE8C39D11D3F042900008829 /* InitialViewController.swift */ = {isa = PBXFileReference; fileEncoding = 4; lastKnownFileType = sourcecode.swift; path = InitialViewController.swift; sourceTree = "<group>"; };
		BE8C39D21D3F042900008829 /* InitialViewController.xib */ = {isa = PBXFileReference; fileEncoding = 4; lastKnownFileType = file.xib; path = InitialViewController.xib; sourceTree = "<group>"; };
		BE8C39EB1D3F043700008829 /* ProfileHeaderView.swift */ = {isa = PBXFileReference; fileEncoding = 4; lastKnownFileType = sourcecode.swift; path = ProfileHeaderView.swift; sourceTree = "<group>"; };
		BE8C39EC1D3F043700008829 /* ProfileHeaderView.xib */ = {isa = PBXFileReference; fileEncoding = 4; lastKnownFileType = file.xib; path = ProfileHeaderView.xib; sourceTree = "<group>"; };
		BE8C39F71D3F044200008829 /* Styles.swift */ = {isa = PBXFileReference; fileEncoding = 4; lastKnownFileType = sourcecode.swift; name = Styles.swift; path = Views/Styles.swift; sourceTree = "<group>"; };
		BE8C39F91D3F045500008829 /* MainTabBarController.swift */ = {isa = PBXFileReference; fileEncoding = 4; lastKnownFileType = sourcecode.swift; path = MainTabBarController.swift; sourceTree = "<group>"; };
		BE8C39FB1D3F047E00008829 /* PositionsViewController.swift */ = {isa = PBXFileReference; fileEncoding = 4; lastKnownFileType = sourcecode.swift; path = PositionsViewController.swift; sourceTree = "<group>"; };
		BE8C39FC1D3F047E00008829 /* PositionsViewController.xib */ = {isa = PBXFileReference; fileEncoding = 4; lastKnownFileType = file.xib; path = PositionsViewController.xib; sourceTree = "<group>"; };
		BE8C39FF1D3F04C200008829 /* HistoryViewController.swift */ = {isa = PBXFileReference; fileEncoding = 4; lastKnownFileType = sourcecode.swift; path = HistoryViewController.swift; sourceTree = "<group>"; };
		BE8C3A001D3F04C200008829 /* HistoryViewController.xib */ = {isa = PBXFileReference; fileEncoding = 4; lastKnownFileType = file.xib; path = HistoryViewController.xib; sourceTree = "<group>"; };
		BEB644761D401ED400B0315D /* ExperimentManager.swift */ = {isa = PBXFileReference; fileEncoding = 4; lastKnownFileType = sourcecode.swift; path = ExperimentManager.swift; sourceTree = "<group>"; };
		BEB644781D4021FC00B0315D /* HistoryTableViewCell.swift */ = {isa = PBXFileReference; fileEncoding = 4; lastKnownFileType = sourcecode.swift; path = HistoryTableViewCell.swift; sourceTree = "<group>"; };
		BEB644791D4021FC00B0315D /* HistoryTableViewCell.xib */ = {isa = PBXFileReference; fileEncoding = 4; lastKnownFileType = file.xib; path = HistoryTableViewCell.xib; sourceTree = "<group>"; };
		BEB6447C1D40223B00B0315D /* Trade.swift */ = {isa = PBXFileReference; fileEncoding = 4; lastKnownFileType = sourcecode.swift; path = Trade.swift; sourceTree = "<group>"; };
		BEF927DA1D401258009AC0AF /* GoogleService-Info.plist */ = {isa = PBXFileReference; fileEncoding = 4; lastKnownFileType = text.plist.xml; path = "GoogleService-Info.plist"; sourceTree = "<group>"; };
		BEF927DC1D4013AC009AC0AF /* ForexMaster-Bridging-Header.h */ = {isa = PBXFileReference; lastKnownFileType = sourcecode.c.h; path = "ForexMaster-Bridging-Header.h"; sourceTree = "<group>"; };
		D333A1A9161ACA2A2B96B457 /* Pods-ForexMaster.release.xcconfig */ = {isa = PBXFileReference; includeInIndex = 1; lastKnownFileType = text.xcconfig; name = "Pods-ForexMaster.release.xcconfig"; path = "Pods/Target Support Files/Pods-ForexMaster/Pods-ForexMaster.release.xcconfig"; sourceTree = "<group>"; };
/* End PBXFileReference section */

/* Begin PBXFrameworksBuildPhase section */
		BE8C39661D3F023A00008829 /* Frameworks */ = {
			isa = PBXFrameworksBuildPhase;
			buildActionMask = 2147483647;
			files = (
				BE757B4D1D3FFE88002B64ED /* iAd.framework in Frameworks */,
				D0F7E05B52C8F46AA008EA9F /* Pods_ForexMaster.framework in Frameworks */,
			);
			runOnlyForDeploymentPostprocessing = 0;
		};
/* End PBXFrameworksBuildPhase section */

/* Begin PBXGroup section */
		A067CABC81D4B2181212B2EE /* Pods */ = {
			isa = PBXGroup;
			children = (
				5887E52CFDBB8CE7F524FE70 /* Pods-ForexMaster.debug.xcconfig */,
				D333A1A9161ACA2A2B96B457 /* Pods-ForexMaster.release.xcconfig */,
			);
			name = Pods;
			sourceTree = "<group>";
		};
		A350A2E29DA9D3EA1FE0D6A2 /* Frameworks */ = {
			isa = PBXGroup;
			children = (
				BE757B4C1D3FFE88002B64ED /* iAd.framework */,
				A2255CAD087EBBB0DD974E50 /* Pods_ForexMaster.framework */,
			);
			name = Frameworks;
			sourceTree = "<group>";
		};
		BE757B411D3F3647002B64ED /* Models */ = {
			isa = PBXGroup;
			children = (
				BE757B421D3F3678002B64ED /* Position.swift */,
				BEB6447C1D40223B00B0315D /* Trade.swift */,
			);
			name = Models;
			sourceTree = "<group>";
		};
		BE8C39601D3F023A00008829 = {
			isa = PBXGroup;
			children = (
				BE8C396B1D3F023A00008829 /* ForexMaster */,
				BE8C396A1D3F023A00008829 /* Products */,
				A350A2E29DA9D3EA1FE0D6A2 /* Frameworks */,
				A067CABC81D4B2181212B2EE /* Pods */,
			);
			sourceTree = "<group>";
		};
		BE8C396A1D3F023A00008829 /* Products */ = {
			isa = PBXGroup;
			children = (
				BE8C39691D3F023A00008829 /* ForexMaster.app */,
			);
			name = Products;
			sourceTree = "<group>";
		};
		BE8C396B1D3F023A00008829 /* ForexMaster */ = {
			isa = PBXGroup;
			children = (
				BEB644751D401EC600B0315D /* Managers */,
				BEF927DA1D401258009AC0AF /* GoogleService-Info.plist */,
				BE757B411D3F3647002B64ED /* Models */,
				BE8C396C1D3F023A00008829 /* AppDelegate.swift */,
				BE8C39F91D3F045500008829 /* MainTabBarController.swift */,
				BE8C39F71D3F044200008829 /* Styles.swift */,
				BE8C39BD1D3F03C700008829 /* Extensions */,
				BE8C39C81D3F042900008829 /* View Controllers */,
				BE8C39E11D3F043700008829 /* Views */,
				BE8C39701D3F023A00008829 /* Main.storyboard */,
				BE8C39731D3F023A00008829 /* Assets.xcassets */,
				BE8C39751D3F023A00008829 /* LaunchScreen.storyboard */,
				BE8C39781D3F023B00008829 /* Info.plist */,
				BEF927DC1D4013AC009AC0AF /* ForexMaster-Bridging-Header.h */,
			);
			path = ForexMaster;
			sourceTree = "<group>";
		};
		BE8C39BD1D3F03C700008829 /* Extensions */ = {
			isa = PBXGroup;
			children = (
				BE8C39BE1D3F03C700008829 /* UIButton+.swift */,
				BE8C39BF1D3F03C700008829 /* UIImage+.swift */,
				BE8C39C01D3F03C700008829 /* UIView+.swift */,
				BE8C39C11D3F03C700008829 /* UIViewController+.swift */,
				BE8C39C21D3F03C700008829 /* ViewController.swift */,
			);
			path = Extensions;
			sourceTree = "<group>";
		};
		BE8C39C81D3F042900008829 /* View Controllers */ = {
			isa = PBXGroup;
			children = (
				BE8C39C91D3F042900008829 /* BaseViewController.swift */,
				BE8C39CA1D3F042900008829 /* BaseViewController.xib */,
				BE8C39CD1D3F042900008829 /* FilterViewController.swift */,
				BE8C39CE1D3F042900008829 /* FilterViewController.xib */,
				BE8C39CF1D3F042900008829 /* HomeViewController.swift */,
				BE8C39D01D3F042900008829 /* HomeViewController.xib */,
				BE8C39D11D3F042900008829 /* InitialViewController.swift */,
				BE8C39D21D3F042900008829 /* InitialViewController.xib */,
				BE8C39FB1D3F047E00008829 /* PositionsViewController.swift */,
				BE8C39FC1D3F047E00008829 /* PositionsViewController.xib */,
				BE8C39FF1D3F04C200008829 /* HistoryViewController.swift */,
				BE8C3A001D3F04C200008829 /* HistoryViewController.xib */,
			);
			path = "View Controllers";
			sourceTree = "<group>";
		};
		BE8C39E11D3F043700008829 /* Views */ = {
			isa = PBXGroup;
			children = (
				BE8C39E21D3F043700008829 /* Cells */,
				BE8C39EB1D3F043700008829 /* ProfileHeaderView.swift */,
				BE8C39EC1D3F043700008829 /* ProfileHeaderView.xib */,
				BE757B481D3FF15E002B64ED /* PositionSectionHeaderView.swift */,
				BE757B4A1D3FF169002B64ED /* PositionSectionHeaderView.xib */,
			);
			path = Views;
			sourceTree = "<group>";
		};
		BE8C39E21D3F043700008829 /* Cells */ = {
			isa = PBXGroup;
			children = (
				BE757B441D3FDEE6002B64ED /* PositionTableViewCell.swift */,
				BE757B451D3FDEE6002B64ED /* PositionTableViewCell.xib */,
				BEB644781D4021FC00B0315D /* HistoryTableViewCell.swift */,
				BEB644791D4021FC00B0315D /* HistoryTableViewCell.xib */,
			);
			path = Cells;
			sourceTree = "<group>";
		};
		BEB644751D401EC600B0315D /* Managers */ = {
			isa = PBXGroup;
			children = (
				BEB644761D401ED400B0315D /* ExperimentManager.swift */,
			);
			name = Managers;
			sourceTree = "<group>";
		};
/* End PBXGroup section */

/* Begin PBXNativeTarget section */
		BE8C39681D3F023A00008829 /* ForexMaster */ = {
			isa = PBXNativeTarget;
			buildConfigurationList = BE8C397B1D3F023B00008829 /* Build configuration list for PBXNativeTarget "ForexMaster" */;
			buildPhases = (
				565AE886544A537DC849864F /* [CP] Check Pods Manifest.lock */,
				BE8C39651D3F023A00008829 /* Sources */,
				BE8C39661D3F023A00008829 /* Frameworks */,
				BE8C39671D3F023A00008829 /* Resources */,
				5541ACE176127B60E6D1A59E /* [CP] Embed Pods Frameworks */,
				424D42F7E11ACA49E9D65228 /* [CP] Copy Pods Resources */,
			);
			buildRules = (
			);
			dependencies = (
			);
			name = ForexMaster;
			productName = ForexMaster;
			productReference = BE8C39691D3F023A00008829 /* ForexMaster.app */;
			productType = "com.apple.product-type.application";
		};
/* End PBXNativeTarget section */

/* Begin PBXProject section */
		BE8C39611D3F023A00008829 /* Project object */ = {
			isa = PBXProject;
			attributes = {
				LastSwiftUpdateCheck = 0730;
				LastUpgradeCheck = 0730;
				ORGANIZATIONNAME = ken;
				TargetAttributes = {
					BE8C39681D3F023A00008829 = {
						CreatedOnToolsVersion = 7.3.1;
						DevelopmentTeam = JK868YFK6V;
					};
				};
			};
			buildConfigurationList = BE8C39641D3F023A00008829 /* Build configuration list for PBXProject "ForexMaster" */;
			compatibilityVersion = "Xcode 3.2";
			developmentRegion = English;
			hasScannedForEncodings = 0;
			knownRegions = (
				en,
				Base,
			);
			mainGroup = BE8C39601D3F023A00008829;
			productRefGroup = BE8C396A1D3F023A00008829 /* Products */;
			projectDirPath = "";
			projectRoot = "";
			targets = (
				BE8C39681D3F023A00008829 /* ForexMaster */,
			);
		};
/* End PBXProject section */

/* Begin PBXResourcesBuildPhase section */
		BE8C39671D3F023A00008829 /* Resources */ = {
			isa = PBXResourcesBuildPhase;
			buildActionMask = 2147483647;
			files = (
				BE8C39771D3F023A00008829 /* LaunchScreen.storyboard in Resources */,
				BE757B4B1D3FF169002B64ED /* PositionSectionHeaderView.xib in Resources */,
				BE8C39D61D3F042900008829 /* BaseViewController.xib in Resources */,
				BE8C39FE1D3F047E00008829 /* PositionsViewController.xib in Resources */,
				BE8C39F61D3F043700008829 /* ProfileHeaderView.xib in Resources */,
				BE8C39DE1D3F042900008829 /* InitialViewController.xib in Resources */,
				BE8C39741D3F023A00008829 /* Assets.xcassets in Resources */,
				BE757B471D3FDEE6002B64ED /* PositionTableViewCell.xib in Resources */,
				BEF927DB1D401258009AC0AF /* GoogleService-Info.plist in Resources */,
				BE8C39DA1D3F042900008829 /* FilterViewController.xib in Resources */,
				BE8C3A021D3F04C200008829 /* HistoryViewController.xib in Resources */,
				BE8C39DC1D3F042900008829 /* HomeViewController.xib in Resources */,
				BEB6447B1D4021FC00B0315D /* HistoryTableViewCell.xib in Resources */,
				BE8C39721D3F023A00008829 /* Main.storyboard in Resources */,
			);
			runOnlyForDeploymentPostprocessing = 0;
		};
/* End PBXResourcesBuildPhase section */

/* Begin PBXShellScriptBuildPhase section */
		424D42F7E11ACA49E9D65228 /* [CP] Copy Pods Resources */ = {
			isa = PBXShellScriptBuildPhase;
			buildActionMask = 2147483647;
			files = (
			);
			inputPaths = (
			);
			name = "[CP] Copy Pods Resources";
			outputPaths = (
			);
			runOnlyForDeploymentPostprocessing = 0;
			shellPath = /bin/sh;
			shellScript = "\"${SRCROOT}/Pods/Target Support Files/Pods-ForexMaster/Pods-ForexMaster-resources.sh\"\n";
			showEnvVarsInLog = 0;
		};
		5541ACE176127B60E6D1A59E /* [CP] Embed Pods Frameworks */ = {
			isa = PBXShellScriptBuildPhase;
			buildActionMask = 2147483647;
			files = (
			);
			inputPaths = (
			);
			name = "[CP] Embed Pods Frameworks";
			outputPaths = (
			);
			runOnlyForDeploymentPostprocessing = 0;
			shellPath = /bin/sh;
			shellScript = "\"${SRCROOT}/Pods/Target Support Files/Pods-ForexMaster/Pods-ForexMaster-frameworks.sh\"\n";
			showEnvVarsInLog = 0;
		};
		565AE886544A537DC849864F /* [CP] Check Pods Manifest.lock */ = {
			isa = PBXShellScriptBuildPhase;
			buildActionMask = 2147483647;
			files = (
			);
			inputPaths = (
			);
			name = "[CP] Check Pods Manifest.lock";
			outputPaths = (
			);
			runOnlyForDeploymentPostprocessing = 0;
			shellPath = /bin/sh;
			shellScript = "diff \"${PODS_ROOT}/../Podfile.lock\" \"${PODS_ROOT}/Manifest.lock\" > /dev/null\nif [[ $? != 0 ]] ; then\n    cat << EOM\nerror: The sandbox is not in sync with the Podfile.lock. Run 'pod install' or update your CocoaPods installation.\nEOM\n    exit 1\nfi\n";
			showEnvVarsInLog = 0;
		};
/* End PBXShellScriptBuildPhase section */

/* Begin PBXSourcesBuildPhase section */
		BE8C39651D3F023A00008829 /* Sources */ = {
			isa = PBXSourcesBuildPhase;
			buildActionMask = 2147483647;
			files = (
				BE757B491D3FF15E002B64ED /* PositionSectionHeaderView.swift in Sources */,
				BE757B431D3F3678002B64ED /* Position.swift in Sources */,
				BEB6447D1D40223B00B0315D /* Trade.swift in Sources */,
				BE8C39C71D3F03C700008829 /* ViewController.swift in Sources */,
				BE757B461D3FDEE6002B64ED /* PositionTableViewCell.swift in Sources */,
				BE8C39C51D3F03C700008829 /* UIView+.swift in Sources */,
				BE8C39DD1D3F042900008829 /* InitialViewController.swift in Sources */,
				BE8C39F51D3F043700008829 /* ProfileHeaderView.swift in Sources */,
				BE8C39C41D3F03C700008829 /* UIImage+.swift in Sources */,
				BEB6447A1D4021FC00B0315D /* HistoryTableViewCell.swift in Sources */,
				BE8C39D91D3F042900008829 /* FilterViewController.swift in Sources */,
				BE8C39C61D3F03C700008829 /* UIViewController+.swift in Sources */,
				BE8C39F81D3F044200008829 /* Styles.swift in Sources */,
				BEB644771D401ED400B0315D /* ExperimentManager.swift in Sources */,
				BE8C39DB1D3F042900008829 /* HomeViewController.swift in Sources */,
				BE8C3A011D3F04C200008829 /* HistoryViewController.swift in Sources */,
				BE8C39FA1D3F045500008829 /* MainTabBarController.swift in Sources */,
				BE8C396D1D3F023A00008829 /* AppDelegate.swift in Sources */,
				BE8C39FD1D3F047E00008829 /* PositionsViewController.swift in Sources */,
				BE8C39D51D3F042900008829 /* BaseViewController.swift in Sources */,
				BE8C39C31D3F03C700008829 /* UIButton+.swift in Sources */,
			);
			runOnlyForDeploymentPostprocessing = 0;
		};
/* End PBXSourcesBuildPhase section */

/* Begin PBXVariantGroup section */
		BE8C39701D3F023A00008829 /* Main.storyboard */ = {
			isa = PBXVariantGroup;
			children = (
				BE8C39711D3F023A00008829 /* Base */,
			);
			name = Main.storyboard;
			sourceTree = "<group>";
		};
		BE8C39751D3F023A00008829 /* LaunchScreen.storyboard */ = {
			isa = PBXVariantGroup;
			children = (
				BE8C39761D3F023A00008829 /* Base */,
			);
			name = LaunchScreen.storyboard;
			sourceTree = "<group>";
		};
/* End PBXVariantGroup section */

/* Begin XCBuildConfiguration section */
		BE8C39791D3F023B00008829 /* Debug */ = {
			isa = XCBuildConfiguration;
			buildSettings = {
				ALWAYS_SEARCH_USER_PATHS = NO;
				CLANG_ANALYZER_NONNULL = YES;
				CLANG_CXX_LANGUAGE_STANDARD = "gnu++0x";
				CLANG_CXX_LIBRARY = "libc++";
				CLANG_ENABLE_MODULES = YES;
				CLANG_ENABLE_OBJC_ARC = YES;
				CLANG_WARN_BOOL_CONVERSION = YES;
				CLANG_WARN_CONSTANT_CONVERSION = YES;
				CLANG_WARN_DIRECT_OBJC_ISA_USAGE = YES_ERROR;
				CLANG_WARN_EMPTY_BODY = YES;
				CLANG_WARN_ENUM_CONVERSION = YES;
				CLANG_WARN_INT_CONVERSION = YES;
				CLANG_WARN_OBJC_ROOT_CLASS = YES_ERROR;
				CLANG_WARN_UNREACHABLE_CODE = YES;
				CLANG_WARN__DUPLICATE_METHOD_MATCH = YES;
				"CODE_SIGN_IDENTITY[sdk=iphoneos*]" = "iPhone Developer";
				COPY_PHASE_STRIP = NO;
				DEBUG_INFORMATION_FORMAT = dwarf;
				ENABLE_STRICT_OBJC_MSGSEND = YES;
				ENABLE_TESTABILITY = YES;
				GCC_C_LANGUAGE_STANDARD = gnu99;
				GCC_DYNAMIC_NO_PIC = NO;
				GCC_NO_COMMON_BLOCKS = YES;
				GCC_OPTIMIZATION_LEVEL = 0;
				GCC_PREPROCESSOR_DEFINITIONS = (
					"DEBUG=1",
					"$(inherited)",
				);
				GCC_WARN_64_TO_32_BIT_CONVERSION = YES;
				GCC_WARN_ABOUT_RETURN_TYPE = YES_ERROR;
				GCC_WARN_UNDECLARED_SELECTOR = YES;
				GCC_WARN_UNINITIALIZED_AUTOS = YES_AGGRESSIVE;
				GCC_WARN_UNUSED_FUNCTION = YES;
				GCC_WARN_UNUSED_VARIABLE = YES;
				IPHONEOS_DEPLOYMENT_TARGET = 9.3;
				MTL_ENABLE_DEBUG_INFO = YES;
				ONLY_ACTIVE_ARCH = YES;
				SDKROOT = iphoneos;
				SWIFT_OBJC_BRIDGING_HEADER = "ForexMaster/ForexMaster-Bridging-Header.h";
				SWIFT_OPTIMIZATION_LEVEL = "-Onone";
				TARGETED_DEVICE_FAMILY = "1,2";
			};
			name = Debug;
		};
		BE8C397A1D3F023B00008829 /* Release */ = {
			isa = XCBuildConfiguration;
			buildSettings = {
				ALWAYS_SEARCH_USER_PATHS = NO;
				CLANG_ANALYZER_NONNULL = YES;
				CLANG_CXX_LANGUAGE_STANDARD = "gnu++0x";
				CLANG_CXX_LIBRARY = "libc++";
				CLANG_ENABLE_MODULES = YES;
				CLANG_ENABLE_OBJC_ARC = YES;
				CLANG_WARN_BOOL_CONVERSION = YES;
				CLANG_WARN_CONSTANT_CONVERSION = YES;
				CLANG_WARN_DIRECT_OBJC_ISA_USAGE = YES_ERROR;
				CLANG_WARN_EMPTY_BODY = YES;
				CLANG_WARN_ENUM_CONVERSION = YES;
				CLANG_WARN_INT_CONVERSION = YES;
				CLANG_WARN_OBJC_ROOT_CLASS = YES_ERROR;
				CLANG_WARN_UNREACHABLE_CODE = YES;
				CLANG_WARN__DUPLICATE_METHOD_MATCH = YES;
				"CODE_SIGN_IDENTITY[sdk=iphoneos*]" = "iPhone Developer";
				COPY_PHASE_STRIP = NO;
				DEBUG_INFORMATION_FORMAT = "dwarf-with-dsym";
				ENABLE_NS_ASSERTIONS = NO;
				ENABLE_STRICT_OBJC_MSGSEND = YES;
				GCC_C_LANGUAGE_STANDARD = gnu99;
				GCC_NO_COMMON_BLOCKS = YES;
				GCC_WARN_64_TO_32_BIT_CONVERSION = YES;
				GCC_WARN_ABOUT_RETURN_TYPE = YES_ERROR;
				GCC_WARN_UNDECLARED_SELECTOR = YES;
				GCC_WARN_UNINITIALIZED_AUTOS = YES_AGGRESSIVE;
				GCC_WARN_UNUSED_FUNCTION = YES;
				GCC_WARN_UNUSED_VARIABLE = YES;
				IPHONEOS_DEPLOYMENT_TARGET = 9.3;
				MTL_ENABLE_DEBUG_INFO = NO;
				SDKROOT = iphoneos;
				SWIFT_OBJC_BRIDGING_HEADER = "ForexMaster/ForexMaster-Bridging-Header.h";
				TARGETED_DEVICE_FAMILY = "1,2";
				VALIDATE_PRODUCT = YES;
			};
			name = Release;
		};
		BE8C397C1D3F023B00008829 /* Debug */ = {
			isa = XCBuildConfiguration;
			baseConfigurationReference = 5887E52CFDBB8CE7F524FE70 /* Pods-ForexMaster.debug.xcconfig */;
			buildSettings = {
				ALWAYS_SEARCH_USER_PATHS = NO;
				ASSETCATALOG_COMPILER_APPICON_NAME = AppIcon;
				CODE_SIGN_IDENTITY = "iPhone Developer: Ken Yu (243JJGNGJV)";
				"CODE_SIGN_IDENTITY[sdk=iphoneos*]" = "iPhone Developer: Ken Yu (243JJGNGJV)";
				INFOPLIST_FILE = ForexMaster/Info.plist;
				LD_RUNPATH_SEARCH_PATHS = "$(inherited) @executable_path/Frameworks";
				PRODUCT_BUNDLE_IDENTIFIER = com.ken.ForexMaster;
				PRODUCT_NAME = "$(TARGET_NAME)";
				PROVISIONING_PROFILE = "3983992d-a70e-47e0-89dc-613927a6ef65";
				SWIFT_OBJC_BRIDGING_HEADER = "ForexMaster/ForexMaster-Bridging-Header.h";
			};
			name = Debug;
		};
		BE8C397D1D3F023B00008829 /* Release */ = {
			isa = XCBuildConfiguration;
			baseConfigurationReference = D333A1A9161ACA2A2B96B457 /* Pods-ForexMaster.release.xcconfig */;
			buildSettings = {
				ALWAYS_SEARCH_USER_PATHS = NO;
				ASSETCATALOG_COMPILER_APPICON_NAME = AppIcon;
				CODE_SIGN_IDENTITY = "iPhone Distribution: Ken Yu (JK868YFK6V)";
				"CODE_SIGN_IDENTITY[sdk=iphoneos*]" = "iPhone Distribution: Ken Yu (JK868YFK6V)";
				INFOPLIST_FILE = ForexMaster/Info.plist;
				LD_RUNPATH_SEARCH_PATHS = "$(inherited) @executable_path/Frameworks";
				PRODUCT_BUNDLE_IDENTIFIER = com.ken.ForexMaster;
				PRODUCT_NAME = "$(TARGET_NAME)";
				PROVISIONING_PROFILE = "76ef9ac3-7680-4ae7-82f4-ff49e89248ca";
				SWIFT_OBJC_BRIDGING_HEADER = "ForexMaster/ForexMaster-Bridging-Header.h";
			};
			name = Release;
		};
/* End XCBuildConfiguration section */

/* Begin XCConfigurationList section */
		BE8C39641D3F023A00008829 /* Build configuration list for PBXProject "ForexMaster" */ = {
			isa = XCConfigurationList;
			buildConfigurations = (
				BE8C39791D3F023B00008829 /* Debug */,
				BE8C397A1D3F023B00008829 /* Release */,
			);
			defaultConfigurationIsVisible = 0;
			defaultConfigurationName = Release;
		};
		BE8C397B1D3F023B00008829 /* Build configuration list for PBXNativeTarget "ForexMaster" */ = {
			isa = XCConfigurationList;
			buildConfigurations = (
				BE8C397C1D3F023B00008829 /* Debug */,
				BE8C397D1D3F023B00008829 /* Release */,
			);
			defaultConfigurationIsVisible = 0;
			defaultConfigurationName = Release;
		};
/* End XCConfigurationList section */
	};
	rootObject = BE8C39611D3F023A00008829 /* Project object */;
}
